
Microsoft Visual Studio Solution File, Format Version 12.00
# Visual Studio Version 17
VisualStudioVersion = 17.11.35219.272
MinimumVisualStudioVersion = 10.0.40219.1
Project("{FAE04EC0-301F-11D3-BF4B-00C04F79EFBC}") = "DocumentService", "DocumentService\DocumentService.csproj", "{D5A5ABD0-0600-4841-A93E-E50D77DF9461}"
EndProject
Project("{FAE04EC0-301F-11D3-BF4B-00C04F79EFBC}") = "DocumentService.BackgroundFileProcessing", "DocumentService.BackgroundFileProcessing\DocumentService.BackgroundFileProcessing.csproj", "{B42E5654-EC1D-4098-9B25-152E6FBB2F6B}"
EndProject
Project("{FAE04EC0-301F-11D3-BF4B-00C04F79EFBC}") = "DocumentService.Domain", "DocumentService.Domain\DocumentService.Domain.csproj", "{D4F126C7-77B8-4134-915E-297CA21081A0}"
EndProject
Global
	GlobalSection(SolutionConfigurationPlatforms) = preSolution
		Debug|Any CPU = Debug|Any CPU
		Release|Any CPU = Release|Any CPU
	EndGlobalSection
	GlobalSection(ProjectConfigurationPlatforms) = postSolution
		{D5A5ABD0-0600-4841-A93E-E50D77DF9461}.Debug|Any CPU.ActiveCfg = Debug|Any CPU
		{D5A5ABD0-0600-4841-A93E-E50D77DF9461}.Debug|Any CPU.Build.0 = Debug|Any CPU
		{D5A5ABD0-0600-4841-A93E-E50D77DF9461}.Release|Any CPU.ActiveCfg = Release|Any CPU
		{D5A5ABD0-0600-4841-A93E-E50D77DF9461}.Release|Any CPU.Build.0 = Release|Any CPU
		{B42E5654-EC1D-4098-9B25-152E6FBB2F6B}.Debug|Any CPU.ActiveCfg = Debug|Any CPU
		{B42E5654-EC1D-4098-9B25-152E6FBB2F6B}.Debug|Any CPU.Build.0 = Debug|Any CPU
		{B42E5654-EC1D-4098-9B25-152E6FBB2F6B}.Release|Any CPU.ActiveCfg = Release|Any CPU
		{B42E5654-EC1D-4098-9B25-152E6FBB2F6B}.Release|Any CPU.Build.0 = Release|Any CPU
		{D4F126C7-77B8-4134-915E-297CA21081A0}.Debug|Any CPU.ActiveCfg = Debug|Any CPU
		{D4F126C7-77B8-4134-915E-297CA21081A0}.Debug|Any CPU.Build.0 = Debug|Any CPU
		{D4F126C7-77B8-4134-915E-297CA21081A0}.Release|Any CPU.ActiveCfg = Release|Any CPU
		{D4F126C7-77B8-4134-915E-297CA21081A0}.Release|Any CPU.Build.0 = Release|Any CPU
	EndGlobalSection
	GlobalSection(SolutionProperties) = preSolution
		HideSolutionNode = FALSE
	EndGlobalSection
	GlobalSection(ExtensibilityGlobals) = postSolution
		SolutionGuid = {4994DBC4-50EA-47C6-B1AB-E03A82266502}
	EndGlobalSection
EndGlobal
